
Microsoft Visual Studio Solution File, Format Version 12.00
# Visual Studio Version 17
VisualStudioVersion = 17.8.34511.84
MinimumVisualStudioVersion = 10.0.40219.1
Project("{9A19103F-16F7-4668-BE54-9A1E7A4F7556}") = "ServerSide", "ServerSide\ServerSide.csproj", "{C54D78BA-A01C-4685-AE25-CE2B5C12D4EF}"
EndProject
Project("{9A19103F-16F7-4668-BE54-9A1E7A4F7556}") = "ClientSide", "ClientSide\ClientSide.csproj", "{DECA035B-B32E-4873-9526-10B715AA3A8E}"
EndProject
Project("{FAE04EC0-301F-11D3-BF4B-00C04F79EFBC}") = "ClientSidee", "ClientSidee\ClientSidee.csproj", "{8F66DBAA-17EC-4F67-989D-61F67A6C3F26}"
EndProject
Global
	GlobalSection(SolutionConfigurationPlatforms) = preSolution
		Debug|Any CPU = Debug|Any CPU
		Release|Any CPU = Release|Any CPU
	EndGlobalSection
	GlobalSection(ProjectConfigurationPlatforms) = postSolution
		{C54D78BA-A01C-4685-AE25-CE2B5C12D4EF}.Debug|Any CPU.ActiveCfg = Debug|Any CPU
		{C54D78BA-A01C-4685-AE25-CE2B5C12D4EF}.Debug|Any CPU.Build.0 = Debug|Any CPU
		{C54D78BA-A01C-4685-AE25-CE2B5C12D4EF}.Release|Any CPU.ActiveCfg = Release|Any CPU
		{C54D78BA-A01C-4685-AE25-CE2B5C12D4EF}.Release|Any CPU.Build.0 = Release|Any CPU
		{DECA035B-B32E-4873-9526-10B715AA3A8E}.Debug|Any CPU.ActiveCfg = Debug|Any CPU
		{DECA035B-B32E-4873-9526-10B715AA3A8E}.Debug|Any CPU.Build.0 = Debug|Any CPU
		{DECA035B-B32E-4873-9526-10B715AA3A8E}.Release|Any CPU.ActiveCfg = Release|Any CPU
		{DECA035B-B32E-4873-9526-10B715AA3A8E}.Release|Any CPU.Build.0 = Release|Any CPU
		{8F66DBAA-17EC-4F67-989D-61F67A6C3F26}.Debug|Any CPU.ActiveCfg = Debug|Any CPU
		{8F66DBAA-17EC-4F67-989D-61F67A6C3F26}.Debug|Any CPU.Build.0 = Debug|Any CPU
		{8F66DBAA-17EC-4F67-989D-61F67A6C3F26}.Release|Any CPU.ActiveCfg = Release|Any CPU
		{8F66DBAA-17EC-4F67-989D-61F67A6C3F26}.Release|Any CPU.Build.0 = Release|Any CPU
	EndGlobalSection
	GlobalSection(SolutionProperties) = preSolution
		HideSolutionNode = FALSE
	EndGlobalSection
	GlobalSection(ExtensibilityGlobals) = postSolution
		SolutionGuid = {035C1177-F6B7-46B5-8A99-D73D9543542A}
	EndGlobalSection
EndGlobal
